
Microsoft Visual Studio Solution File, Format Version 12.00
# Visual Studio Version 16
VisualStudioVersion = 16.0.29613.14
MinimumVisualStudioVersion = 10.0.40219.1
Project("{FAE04EC0-301F-11D3-BF4B-00C04F79EFBC}") = "BehaviorPJ", "BehaviorPJ\BehaviorPJ.csproj", "{FADFD437-750E-4FC7-B897-063EE97F46B5}"
EndProject
Project("{FAE04EC0-301F-11D3-BF4B-00C04F79EFBC}") = "BehaviorPJ.Android", "BehaviorPJ.Android\BehaviorPJ.Android.csproj", "{9D7EDED3-632F-4273-B4C3-118FAC452E0D}"
EndProject
Project("{FAE04EC0-301F-11D3-BF4B-00C04F79EFBC}") = "BehaviorPJ.iOS", "BehaviorPJ.iOS\BehaviorPJ.iOS.csproj", "{59EEDF5D-0934-46F4-ABE7-AAA87311F824}"
EndProject
Project("{FAE04EC0-301F-11D3-BF4B-00C04F79EFBC}") = "BehaviorPJ.UWP", "BehaviorPJ.UWP\BehaviorPJ.UWP.csproj", "{96E1D70E-9C42-4EA3-9661-F366AF64BCF0}"
EndProject
Global
	GlobalSection(SolutionConfigurationPlatforms) = preSolution
		Ad-Hoc|Any CPU = Ad-Hoc|Any CPU
		Ad-Hoc|ARM = Ad-Hoc|ARM
		Ad-Hoc|iPhone = Ad-Hoc|iPhone
		Ad-Hoc|iPhoneSimulator = Ad-Hoc|iPhoneSimulator
		Ad-Hoc|x64 = Ad-Hoc|x64
		Ad-Hoc|x86 = Ad-Hoc|x86
		AppStore|Any CPU = AppStore|Any CPU
		AppStore|ARM = AppStore|ARM
		AppStore|iPhone = AppStore|iPhone
		AppStore|iPhoneSimulator = AppStore|iPhoneSimulator
		AppStore|x64 = AppStore|x64
		AppStore|x86 = AppStore|x86
		Debug|Any CPU = Debug|Any CPU
		Debug|ARM = Debug|ARM
		Debug|iPhone = Debug|iPhone
		Debug|iPhoneSimulator = Debug|iPhoneSimulator
		Debug|x64 = Debug|x64
		Debug|x86 = Debug|x86
		Release|Any CPU = Release|Any CPU
		Release|ARM = Release|ARM
		Release|iPhone = Release|iPhone
		Release|iPhoneSimulator = Release|iPhoneSimulator
		Release|x64 = Release|x64
		Release|x86 = Release|x86
	EndGlobalSection
	GlobalSection(ProjectConfigurationPlatforms) = postSolution
		{FADFD437-750E-4FC7-B897-063EE97F46B5}.Ad-Hoc|Any CPU.ActiveCfg = Debug|Any CPU
		{FADFD437-750E-4FC7-B897-063EE97F46B5}.Ad-Hoc|Any CPU.Build.0 = Debug|Any CPU
		{FADFD437-750E-4FC7-B897-063EE97F46B5}.Ad-Hoc|ARM.ActiveCfg = Debug|Any CPU
		{FADFD437-750E-4FC7-B897-063EE97F46B5}.Ad-Hoc|ARM.Build.0 = Debug|Any CPU
		{FADFD437-750E-4FC7-B897-063EE97F46B5}.Ad-Hoc|iPhone.ActiveCfg = Debug|Any CPU
		{FADFD437-750E-4FC7-B897-063EE97F46B5}.Ad-Hoc|iPhone.Build.0 = Debug|Any CPU
		{FADFD437-750E-4FC7-B897-063EE97F46B5}.Ad-Hoc|iPhoneSimulator.ActiveCfg = Debug|Any CPU
		{FADFD437-750E-4FC7-B897-063EE97F46B5}.Ad-Hoc|iPhoneSimulator.Build.0 = Debug|Any CPU
		{FADFD437-750E-4FC7-B897-063EE97F46B5}.Ad-Hoc|x64.ActiveCfg = Debug|Any CPU
		{FADFD437-750E-4FC7-B897-063EE97F46B5}.Ad-Hoc|x64.Build.0 = Debug|Any CPU
		{FADFD437-750E-4FC7-B897-063EE97F46B5}.Ad-Hoc|x86.ActiveCfg = Debug|Any CPU
		{FADFD437-750E-4FC7-B897-063EE97F46B5}.Ad-Hoc|x86.Build.0 = Debug|Any CPU
		{FADFD437-750E-4FC7-B897-063EE97F46B5}.AppStore|Any CPU.ActiveCfg = Debug|Any CPU
		{FADFD437-750E-4FC7-B897-063EE97F46B5}.AppStore|Any CPU.Build.0 = Debug|Any CPU
		{FADFD437-750E-4FC7-B897-063EE97F46B5}.AppStore|ARM.ActiveCfg = Debug|Any CPU
		{FADFD437-750E-4FC7-B897-063EE97F46B5}.AppStore|ARM.Build.0 = Debug|Any CPU
		{FADFD437-750E-4FC7-B897-063EE97F46B5}.AppStore|iPhone.ActiveCfg = Debug|Any CPU
		{FADFD437-750E-4FC7-B897-063EE97F46B5}.AppStore|iPhone.Build.0 = Debug|Any CPU
		{FADFD437-750E-4FC7-B897-063EE97F46B5}.AppStore|iPhoneSimulator.ActiveCfg = Debug|Any CPU
		{FADFD437-750E-4FC7-B897-063EE97F46B5}.AppStore|iPhoneSimulator.Build.0 = Debug|Any CPU
		{FADFD437-750E-4FC7-B897-063EE97F46B5}.AppStore|x64.ActiveCfg = Debug|Any CPU
		{FADFD437-750E-4FC7-B897-063EE97F46B5}.AppStore|x64.Build.0 = Debug|Any CPU
		{FADFD437-750E-4FC7-B897-063EE97F46B5}.AppStore|x86.ActiveCfg = Debug|Any CPU
		{FADFD437-750E-4FC7-B897-063EE97F46B5}.AppStore|x86.Build.0 = Debug|Any CPU
		{FADFD437-750E-4FC7-B897-063EE97F46B5}.Debug|Any CPU.ActiveCfg = Debug|Any CPU
		{FADFD437-750E-4FC7-B897-063EE97F46B5}.Debug|Any CPU.Build.0 = Debug|Any CPU
		{FADFD437-750E-4FC7-B897-063EE97F46B5}.Debug|ARM.ActiveCfg = Debug|Any CPU
		{FADFD437-750E-4FC7-B897-063EE97F46B5}.Debug|ARM.Build.0 = Debug|Any CPU
		{FADFD437-750E-4FC7-B897-063EE97F46B5}.Debug|iPhone.ActiveCfg = Debug|Any CPU
		{FADFD437-750E-4FC7-B897-063EE97F46B5}.Debug|iPhone.Build.0 = Debug|Any CPU
		{FADFD437-750E-4FC7-B897-063EE97F46B5}.Debug|iPhoneSimulator.ActiveCfg = Debug|Any CPU
		{FADFD437-750E-4FC7-B897-063EE97F46B5}.Debug|iPhoneSimulator.Build.0 = Debug|Any CPU
		{FADFD437-750E-4FC7-B897-063EE97F46B5}.Debug|x64.ActiveCfg = Debug|Any CPU
		{FADFD437-750E-4FC7-B897-063EE97F46B5}.Debug|x64.Build.0 = Debug|Any CPU
		{FADFD437-750E-4FC7-B897-063EE97F46B5}.Debug|x86.ActiveCfg = Debug|Any CPU
		{FADFD437-750E-4FC7-B897-063EE97F46B5}.Debug|x86.Build.0 = Debug|Any CPU
		{FADFD437-750E-4FC7-B897-063EE97F46B5}.Release|Any CPU.ActiveCfg = Release|Any CPU
		{FADFD437-750E-4FC7-B897-063EE97F46B5}.Release|Any CPU.Build.0 = Release|Any CPU
		{FADFD437-750E-4FC7-B897-063EE97F46B5}.Release|ARM.ActiveCfg = Release|Any CPU
		{FADFD437-750E-4FC7-B897-063EE97F46B5}.Release|ARM.Build.0 = Release|Any CPU
		{FADFD437-750E-4FC7-B897-063EE97F46B5}.Release|iPhone.ActiveCfg = Release|Any CPU
		{FADFD437-750E-4FC7-B897-063EE97F46B5}.Release|iPhone.Build.0 = Release|Any CPU
		{FADFD437-750E-4FC7-B897-063EE97F46B5}.Release|iPhoneSimulator.ActiveCfg = Release|Any CPU
		{FADFD437-750E-4FC7-B897-063EE97F46B5}.Release|iPhoneSimulator.Build.0 = Release|Any CPU
		{FADFD437-750E-4FC7-B897-063EE97F46B5}.Release|x64.ActiveCfg = Release|Any CPU
		{FADFD437-750E-4FC7-B897-063EE97F46B5}.Release|x64.Build.0 = Release|Any CPU
		{FADFD437-750E-4FC7-B897-063EE97F46B5}.Release|x86.ActiveCfg = Release|Any CPU
		{FADFD437-750E-4FC7-B897-063EE97F46B5}.Release|x86.Build.0 = Release|Any CPU
		{9D7EDED3-632F-4273-B4C3-118FAC452E0D}.Ad-Hoc|Any CPU.ActiveCfg = Release|Any CPU
		{9D7EDED3-632F-4273-B4C3-118FAC452E0D}.Ad-Hoc|Any CPU.Build.0 = Release|Any CPU
		{9D7EDED3-632F-4273-B4C3-118FAC452E0D}.Ad-Hoc|Any CPU.Deploy.0 = Release|Any CPU
		{9D7EDED3-632F-4273-B4C3-118FAC452E0D}.Ad-Hoc|ARM.ActiveCfg = Release|Any CPU
		{9D7EDED3-632F-4273-B4C3-118FAC452E0D}.Ad-Hoc|ARM.Build.0 = Release|Any CPU
		{9D7EDED3-632F-4273-B4C3-118FAC452E0D}.Ad-Hoc|ARM.Deploy.0 = Release|Any CPU
		{9D7EDED3-632F-4273-B4C3-118FAC452E0D}.Ad-Hoc|iPhone.ActiveCfg = Release|Any CPU
		{9D7EDED3-632F-4273-B4C3-118FAC452E0D}.Ad-Hoc|iPhone.Build.0 = Release|Any CPU
		{9D7EDED3-632F-4273-B4C3-118FAC452E0D}.Ad-Hoc|iPhone.Deploy.0 = Release|Any CPU
		{9D7EDED3-632F-4273-B4C3-118FAC452E0D}.Ad-Hoc|iPhoneSimulator.ActiveCfg = Release|Any CPU
		{9D7EDED3-632F-4273-B4C3-118FAC452E0D}.Ad-Hoc|iPhoneSimulator.Build.0 = Release|Any CPU
		{9D7EDED3-632F-4273-B4C3-118FAC452E0D}.Ad-Hoc|iPhoneSimulator.Deploy.0 = Release|Any CPU
		{9D7EDED3-632F-4273-B4C3-118FAC452E0D}.Ad-Hoc|x64.ActiveCfg = Release|Any CPU
		{9D7EDED3-632F-4273-B4C3-118FAC452E0D}.Ad-Hoc|x64.Build.0 = Release|Any CPU
		{9D7EDED3-632F-4273-B4C3-118FAC452E0D}.Ad-Hoc|x64.Deploy.0 = Release|Any CPU
		{9D7EDED3-632F-4273-B4C3-118FAC452E0D}.Ad-Hoc|x86.ActiveCfg = Release|Any CPU
		{9D7EDED3-632F-4273-B4C3-118FAC452E0D}.Ad-Hoc|x86.Build.0 = Release|Any CPU
		{9D7EDED3-632F-4273-B4C3-118FAC452E0D}.Ad-Hoc|x86.Deploy.0 = Release|Any CPU
		{9D7EDED3-632F-4273-B4C3-118FAC452E0D}.AppStore|Any CPU.ActiveCfg = Release|Any CPU
		{9D7EDED3-632F-4273-B4C3-118FAC452E0D}.AppStore|Any CPU.Build.0 = Release|Any CPU
		{9D7EDED3-632F-4273-B4C3-118FAC452E0D}.AppStore|Any CPU.Deploy.0 = Release|Any CPU
		{9D7EDED3-632F-4273-B4C3-118FAC452E0D}.AppStore|ARM.ActiveCfg = Release|Any CPU
		{9D7EDED3-632F-4273-B4C3-118FAC452E0D}.AppStore|ARM.Build.0 = Release|Any CPU
		{9D7EDED3-632F-4273-B4C3-118FAC452E0D}.AppStore|ARM.Deploy.0 = Release|Any CPU
		{9D7EDED3-632F-4273-B4C3-118FAC452E0D}.AppStore|iPhone.ActiveCfg = Release|Any CPU
		{9D7EDED3-632F-4273-B4C3-118FAC452E0D}.AppStore|iPhone.Build.0 = Release|Any CPU
		{9D7EDED3-632F-4273-B4C3-118FAC452E0D}.AppStore|iPhone.Deploy.0 = Release|Any CPU
		{9D7EDED3-632F-4273-B4C3-118FAC452E0D}.AppStore|iPhoneSimulator.ActiveCfg = Release|Any CPU
		{9D7EDED3-632F-4273-B4C3-118FAC452E0D}.AppStore|iPhoneSimulator.Build.0 = Release|Any CPU
		{9D7EDED3-632F-4273-B4C3-118FAC452E0D}.AppStore|iPhoneSimulator.Deploy.0 = Release|Any CPU
		{9D7EDED3-632F-4273-B4C3-118FAC452E0D}.AppStore|x64.ActiveCfg = Release|Any CPU
		{9D7EDED3-632F-4273-B4C3-118FAC452E0D}.AppStore|x64.Build.0 = Release|Any CPU
		{9D7EDED3-632F-4273-B4C3-118FAC452E0D}.AppStore|x64.Deploy.0 = Release|Any CPU
		{9D7EDED3-632F-4273-B4C3-118FAC452E0D}.AppStore|x86.ActiveCfg = Release|Any CPU
		{9D7EDED3-632F-4273-B4C3-118FAC452E0D}.AppStore|x86.Build.0 = Release|Any CPU
		{9D7EDED3-632F-4273-B4C3-118FAC452E0D}.AppStore|x86.Deploy.0 = Release|Any CPU
		{9D7EDED3-632F-4273-B4C3-118FAC452E0D}.Debug|Any CPU.ActiveCfg = Debug|Any CPU
		{9D7EDED3-632F-4273-B4C3-118FAC452E0D}.Debug|Any CPU.Build.0 = Debug|Any CPU
		{9D7EDED3-632F-4273-B4C3-118FAC452E0D}.Debug|Any CPU.Deploy.0 = Debug|Any CPU
		{9D7EDED3-632F-4273-B4C3-118FAC452E0D}.Debug|ARM.ActiveCfg = Debug|Any CPU
		{9D7EDED3-632F-4273-B4C3-118FAC452E0D}.Debug|ARM.Build.0 = Debug|Any CPU
		{9D7EDED3-632F-4273-B4C3-118FAC452E0D}.Debug|ARM.Deploy.0 = Debug|Any CPU
		{9D7EDED3-632F-4273-B4C3-118FAC452E0D}.Debug|iPhone.ActiveCfg = Debug|Any CPU
		{9D7EDED3-632F-4273-B4C3-118FAC452E0D}.Debug|iPhone.Build.0 = Debug|Any CPU
		{9D7EDED3-632F-4273-B4C3-118FAC452E0D}.Debug|iPhone.Deploy.0 = Debug|Any CPU
		{9D7EDED3-632F-4273-B4C3-118FAC452E0D}.Debug|iPhoneSimulator.ActiveCfg = Debug|Any CPU
		{9D7EDED3-632F-4273-B4C3-118FAC452E0D}.Debug|iPhoneSimulator.Build.0 = Debug|Any CPU
		{9D7EDED3-632F-4273-B4C3-118FAC452E0D}.Debug|iPhoneSimulator.Deploy.0 = Debug|Any CPU
		{9D7EDED3-632F-4273-B4C3-118FAC452E0D}.Debug|x64.ActiveCfg = Debug|Any CPU
		{9D7EDED3-632F-4273-B4C3-118FAC452E0D}.Debug|x64.Build.0 = Debug|Any CPU
		{9D7EDED3-632F-4273-B4C3-118FAC452E0D}.Debug|x64.Deploy.0 = Debug|Any CPU
		{9D7EDED3-632F-4273-B4C3-118FAC452E0D}.Debug|x86.ActiveCfg = Debug|Any CPU
		{9D7EDED3-632F-4273-B4C3-118FAC452E0D}.Debug|x86.Build.0 = Debug|Any CPU
		{9D7EDED3-632F-4273-B4C3-118FAC452E0D}.Debug|x86.Deploy.0 = Debug|Any CPU
		{9D7EDED3-632F-4273-B4C3-118FAC452E0D}.Release|Any CPU.ActiveCfg = Release|Any CPU
		{9D7EDED3-632F-4273-B4C3-118FAC452E0D}.Release|Any CPU.Build.0 = Release|Any CPU
		{9D7EDED3-632F-4273-B4C3-118FAC452E0D}.Release|Any CPU.Deploy.0 = Release|Any CPU
		{9D7EDED3-632F-4273-B4C3-118FAC452E0D}.Release|ARM.ActiveCfg = Release|Any CPU
		{9D7EDED3-632F-4273-B4C3-118FAC452E0D}.Release|ARM.Build.0 = Release|Any CPU
		{9D7EDED3-632F-4273-B4C3-118FAC452E0D}.Release|ARM.Deploy.0 = Release|Any CPU
		{9D7EDED3-632F-4273-B4C3-118FAC452E0D}.Release|iPhone.ActiveCfg = Release|Any CPU
		{9D7EDED3-632F-4273-B4C3-118FAC452E0D}.Release|iPhone.Build.0 = Release|Any CPU
		{9D7EDED3-632F-4273-B4C3-118FAC452E0D}.Release|iPhone.Deploy.0 = Release|Any CPU
		{9D7EDED3-632F-4273-B4C3-118FAC452E0D}.Release|iPhoneSimulator.ActiveCfg = Release|Any CPU
		{9D7EDED3-632F-4273-B4C3-118FAC452E0D}.Release|iPhoneSimulator.Build.0 = Release|Any CPU
		{9D7EDED3-632F-4273-B4C3-118FAC452E0D}.Release|iPhoneSimulator.Deploy.0 = Release|Any CPU
		{9D7EDED3-632F-4273-B4C3-118FAC452E0D}.Release|x64.ActiveCfg = Release|Any CPU
		{9D7EDED3-632F-4273-B4C3-118FAC452E0D}.Release|x64.Build.0 = Release|Any CPU
		{9D7EDED3-632F-4273-B4C3-118FAC452E0D}.Release|x64.Deploy.0 = Release|Any CPU
		{9D7EDED3-632F-4273-B4C3-118FAC452E0D}.Release|x86.ActiveCfg = Release|Any CPU
		{9D7EDED3-632F-4273-B4C3-118FAC452E0D}.Release|x86.Build.0 = Release|Any CPU
		{9D7EDED3-632F-4273-B4C3-118FAC452E0D}.Release|x86.Deploy.0 = Release|Any CPU
		{59EEDF5D-0934-46F4-ABE7-AAA87311F824}.Ad-Hoc|Any CPU.ActiveCfg = Ad-Hoc|iPhone
		{59EEDF5D-0934-46F4-ABE7-AAA87311F824}.Ad-Hoc|ARM.ActiveCfg = Ad-Hoc|iPhone
		{59EEDF5D-0934-46F4-ABE7-AAA87311F824}.Ad-Hoc|iPhone.ActiveCfg = Ad-Hoc|iPhone
		{59EEDF5D-0934-46F4-ABE7-AAA87311F824}.Ad-Hoc|iPhone.Build.0 = Ad-Hoc|iPhone
		{59EEDF5D-0934-46F4-ABE7-AAA87311F824}.Ad-Hoc|iPhoneSimulator.ActiveCfg = Ad-Hoc|iPhoneSimulator
		{59EEDF5D-0934-46F4-ABE7-AAA87311F824}.Ad-Hoc|iPhoneSimulator.Build.0 = Ad-Hoc|iPhoneSimulator
		{59EEDF5D-0934-46F4-ABE7-AAA87311F824}.Ad-Hoc|x64.ActiveCfg = Ad-Hoc|iPhone
		{59EEDF5D-0934-46F4-ABE7-AAA87311F824}.Ad-Hoc|x86.ActiveCfg = Ad-Hoc|iPhone
		{59EEDF5D-0934-46F4-ABE7-AAA87311F824}.AppStore|Any CPU.ActiveCfg = AppStore|iPhone
		{59EEDF5D-0934-46F4-ABE7-AAA87311F824}.AppStore|ARM.ActiveCfg = AppStore|iPhone
		{59EEDF5D-0934-46F4-ABE7-AAA87311F824}.AppStore|iPhone.ActiveCfg = AppStore|iPhone
		{59EEDF5D-0934-46F4-ABE7-AAA87311F824}.AppStore|iPhone.Build.0 = AppStore|iPhone
		{59EEDF5D-0934-46F4-ABE7-AAA87311F824}.AppStore|iPhoneSimulator.ActiveCfg = AppStore|iPhoneSimulator
		{59EEDF5D-0934-46F4-ABE7-AAA87311F824}.AppStore|iPhoneSimulator.Build.0 = AppStore|iPhoneSimulator
		{59EEDF5D-0934-46F4-ABE7-AAA87311F824}.AppStore|x64.ActiveCfg = AppStore|iPhone
		{59EEDF5D-0934-46F4-ABE7-AAA87311F824}.AppStore|x86.ActiveCfg = AppStore|iPhone
		{59EEDF5D-0934-46F4-ABE7-AAA87311F824}.Debug|Any CPU.ActiveCfg = Debug|iPhone
		{59EEDF5D-0934-46F4-ABE7-AAA87311F824}.Debug|ARM.ActiveCfg = Debug|iPhone
		{59EEDF5D-0934-46F4-ABE7-AAA87311F824}.Debug|iPhone.ActiveCfg = Debug|iPhone
		{59EEDF5D-0934-46F4-ABE7-AAA87311F824}.Debug|iPhone.Build.0 = Debug|iPhone
		{59EEDF5D-0934-46F4-ABE7-AAA87311F824}.Debug|iPhoneSimulator.ActiveCfg = Debug|iPhoneSimulator
		{59EEDF5D-0934-46F4-ABE7-AAA87311F824}.Debug|iPhoneSimulator.Build.0 = Debug|iPhoneSimulator
		{59EEDF5D-0934-46F4-ABE7-AAA87311F824}.Debug|x64.ActiveCfg = Debug|iPhone
		{59EEDF5D-0934-46F4-ABE7-AAA87311F824}.Debug|x86.ActiveCfg = Debug|iPhone
		{59EEDF5D-0934-46F4-ABE7-AAA87311F824}.Release|Any CPU.ActiveCfg = Release|iPhone
		{59EEDF5D-0934-46F4-ABE7-AAA87311F824}.Release|ARM.ActiveCfg = Release|iPhone
		{59EEDF5D-0934-46F4-ABE7-AAA87311F824}.Release|iPhone.ActiveCfg = Release|iPhone
		{59EEDF5D-0934-46F4-ABE7-AAA87311F824}.Release|iPhone.Build.0 = Release|iPhone
		{59EEDF5D-0934-46F4-ABE7-AAA87311F824}.Release|iPhoneSimulator.ActiveCfg = Release|iPhoneSimulator
		{59EEDF5D-0934-46F4-ABE7-AAA87311F824}.Release|iPhoneSimulator.Build.0 = Release|iPhoneSimulator
		{59EEDF5D-0934-46F4-ABE7-AAA87311F824}.Release|x64.ActiveCfg = Release|iPhone
		{59EEDF5D-0934-46F4-ABE7-AAA87311F824}.Release|x86.ActiveCfg = Release|iPhone
		{96E1D70E-9C42-4EA3-9661-F366AF64BCF0}.Ad-Hoc|Any CPU.ActiveCfg = Release|x86
		{96E1D70E-9C42-4EA3-9661-F366AF64BCF0}.Ad-Hoc|Any CPU.Build.0 = Release|x86
		{96E1D70E-9C42-4EA3-9661-F366AF64BCF0}.Ad-Hoc|Any CPU.Deploy.0 = Release|x86
		{96E1D70E-9C42-4EA3-9661-F366AF64BCF0}.Ad-Hoc|ARM.ActiveCfg = Release|ARM
		{96E1D70E-9C42-4EA3-9661-F366AF64BCF0}.Ad-Hoc|ARM.Build.0 = Release|ARM
		{96E1D70E-9C42-4EA3-9661-F366AF64BCF0}.Ad-Hoc|ARM.Deploy.0 = Release|ARM
		{96E1D70E-9C42-4EA3-9661-F366AF64BCF0}.Ad-Hoc|iPhone.ActiveCfg = Release|x86
		{96E1D70E-9C42-4EA3-9661-F366AF64BCF0}.Ad-Hoc|iPhone.Build.0 = Release|x86
		{96E1D70E-9C42-4EA3-9661-F366AF64BCF0}.Ad-Hoc|iPhone.Deploy.0 = Release|x86
		{96E1D70E-9C42-4EA3-9661-F366AF64BCF0}.Ad-Hoc|iPhoneSimulator.ActiveCfg = Release|x86
		{96E1D70E-9C42-4EA3-9661-F366AF64BCF0}.Ad-Hoc|iPhoneSimulator.Build.0 = Release|x86
		{96E1D70E-9C42-4EA3-9661-F366AF64BCF0}.Ad-Hoc|iPhoneSimulator.Deploy.0 = Release|x86
		{96E1D70E-9C42-4EA3-9661-F366AF64BCF0}.Ad-Hoc|x64.ActiveCfg = Release|x64
		{96E1D70E-9C42-4EA3-9661-F366AF64BCF0}.Ad-Hoc|x64.Build.0 = Release|x64
		{96E1D70E-9C42-4EA3-9661-F366AF64BCF0}.Ad-Hoc|x64.Deploy.0 = Release|x64
		{96E1D70E-9C42-4EA3-9661-F366AF64BCF0}.Ad-Hoc|x86.ActiveCfg = Release|x86
		{96E1D70E-9C42-4EA3-9661-F366AF64BCF0}.Ad-Hoc|x86.Build.0 = Release|x86
		{96E1D70E-9C42-4EA3-9661-F366AF64BCF0}.Ad-Hoc|x86.Deploy.0 = Release|x86
		{96E1D70E-9C42-4EA3-9661-F366AF64BCF0}.AppStore|Any CPU.ActiveCfg = Release|x86
		{96E1D70E-9C42-4EA3-9661-F366AF64BCF0}.AppStore|Any CPU.Build.0 = Release|x86
		{96E1D70E-9C42-4EA3-9661-F366AF64BCF0}.AppStore|Any CPU.Deploy.0 = Release|x86
		{96E1D70E-9C42-4EA3-9661-F366AF64BCF0}.AppStore|ARM.ActiveCfg = Release|ARM
		{96E1D70E-9C42-4EA3-9661-F366AF64BCF0}.AppStore|ARM.Build.0 = Release|ARM
		{96E1D70E-9C42-4EA3-9661-F366AF64BCF0}.AppStore|ARM.Deploy.0 = Release|ARM
		{96E1D70E-9C42-4EA3-9661-F366AF64BCF0}.AppStore|iPhone.ActiveCfg = Release|x86
		{96E1D70E-9C42-4EA3-9661-F366AF64BCF0}.AppStore|iPhone.Build.0 = Release|x86
		{96E1D70E-9C42-4EA3-9661-F366AF64BCF0}.AppStore|iPhone.Deploy.0 = Release|x86
		{96E1D70E-9C42-4EA3-9661-F366AF64BCF0}.AppStore|iPhoneSimulator.ActiveCfg = Release|x86
		{96E1D70E-9C42-4EA3-9661-F366AF64BCF0}.AppStore|iPhoneSimulator.Build.0 = Release|x86
		{96E1D70E-9C42-4EA3-9661-F366AF64BCF0}.AppStore|iPhoneSimulator.Deploy.0 = Release|x86
		{96E1D70E-9C42-4EA3-9661-F366AF64BCF0}.AppStore|x64.ActiveCfg = Release|x64
		{96E1D70E-9C42-4EA3-9661-F366AF64BCF0}.AppStore|x64.Build.0 = Release|x64
		{96E1D70E-9C42-4EA3-9661-F366AF64BCF0}.AppStore|x64.Deploy.0 = Release|x64
		{96E1D70E-9C42-4EA3-9661-F366AF64BCF0}.AppStore|x86.ActiveCfg = Release|x86
		{96E1D70E-9C42-4EA3-9661-F366AF64BCF0}.AppStore|x86.Build.0 = Release|x86
		{96E1D70E-9C42-4EA3-9661-F366AF64BCF0}.AppStore|x86.Deploy.0 = Release|x86
		{96E1D70E-9C42-4EA3-9661-F366AF64BCF0}.Debug|Any CPU.ActiveCfg = Debug|x86
		{96E1D70E-9C42-4EA3-9661-F366AF64BCF0}.Debug|ARM.ActiveCfg = Debug|ARM
		{96E1D70E-9C42-4EA3-9661-F366AF64BCF0}.Debug|ARM.Build.0 = Debug|ARM
		{96E1D70E-9C42-4EA3-9661-F366AF64BCF0}.Debug|ARM.Deploy.0 = Debug|ARM
		{96E1D70E-9C42-4EA3-9661-F366AF64BCF0}.Debug|iPhone.ActiveCfg = Debug|x86
		{96E1D70E-9C42-4EA3-9661-F366AF64BCF0}.Debug|iPhoneSimulator.ActiveCfg = Debug|x86
		{96E1D70E-9C42-4EA3-9661-F366AF64BCF0}.Debug|x64.ActiveCfg = Debug|x64
		{96E1D70E-9C42-4EA3-9661-F366AF64BCF0}.Debug|x64.Build.0 = Debug|x64
		{96E1D70E-9C42-4EA3-9661-F366AF64BCF0}.Debug|x64.Deploy.0 = Debug|x64
		{96E1D70E-9C42-4EA3-9661-F366AF64BCF0}.Debug|x86.ActiveCfg = Debug|x86
		{96E1D70E-9C42-4EA3-9661-F366AF64BCF0}.Debug|x86.Build.0 = Debug|x86
		{96E1D70E-9C42-4EA3-9661-F366AF64BCF0}.Debug|x86.Deploy.0 = Debug|x86
		{96E1D70E-9C42-4EA3-9661-F366AF64BCF0}.Release|Any CPU.ActiveCfg = Release|x86
		{96E1D70E-9C42-4EA3-9661-F366AF64BCF0}.Release|ARM.ActiveCfg = Release|ARM
		{96E1D70E-9C42-4EA3-9661-F366AF64BCF0}.Release|ARM.Build.0 = Release|ARM
		{96E1D70E-9C42-4EA3-9661-F366AF64BCF0}.Release|ARM.Deploy.0 = Release|ARM
		{96E1D70E-9C42-4EA3-9661-F366AF64BCF0}.Release|iPhone.ActiveCfg = Release|x86
		{96E1D70E-9C42-4EA3-9661-F366AF64BCF0}.Release|iPhoneSimulator.ActiveCfg = Release|x86
		{96E1D70E-9C42-4EA3-9661-F366AF64BCF0}.Release|x64.ActiveCfg = Release|x64
		{96E1D70E-9C42-4EA3-9661-F366AF64BCF0}.Release|x64.Build.0 = Release|x64
		{96E1D70E-9C42-4EA3-9661-F366AF64BCF0}.Release|x64.Deploy.0 = Release|x64
		{96E1D70E-9C42-4EA3-9661-F366AF64BCF0}.Release|x86.ActiveCfg = Release|x86
		{96E1D70E-9C42-4EA3-9661-F366AF64BCF0}.Release|x86.Build.0 = Release|x86
		{96E1D70E-9C42-4EA3-9661-F366AF64BCF0}.Release|x86.Deploy.0 = Release|x86
	EndGlobalSection
	GlobalSection(SolutionProperties) = preSolution
		HideSolutionNode = FALSE
	EndGlobalSection
	GlobalSection(ExtensibilityGlobals) = postSolution
		SolutionGuid = {1EBF0ECC-2240-4ED1-A3FE-95DF34307C1E}
	EndGlobalSection
EndGlobal
